version = 1
requires-python = ">=3.8"

[[package]]
name = "appeal"
version = "0.6.3"
source = { registry = "https://pypi.org/simple" }
dependencies = [
    { name = "big" },
]
sdist = { url = "https://files.pythonhosted.org/packages/27/a0/675604f94ba66395c39840c04b55a10f4f9053f8c21df4cf11a36bfc7c29/appeal-0.6.3.tar.gz", hash = "sha256:fb34edffcc0358948e72f289dda3dca91476f303423022514356cf0338f9b9e1", size = 233156 }
wheels = [
    { url = "https://files.pythonhosted.org/packages/69/5d/cce8afb07b1c5fa3d08f2def0edee3a04dcf123922325952f12e002208b6/appeal-0.6.3-py3-none-any.whl", hash = "sha256:f60293d7e1c0ed5fa3574c9e0fdf96511e80fcecf7c8f5906d0c0ff66f7271ff", size = 104609 },
]

[[package]]
name = "big"
version = "0.12.7"
source = { registry = "https://pypi.org/simple" }
sdist = { url = "https://files.pythonhosted.org/packages/8d/ab/5563e1dc51edf65093c411cc04e439f6bfa9817dfe4d9a7037c0296591e0/big-0.12.7.tar.gz", hash = "sha256:d7215ea42d8a7db36f6ba94cb3d0d279984e6be6e246b17985233ec231ef3924", size = 4888834 }
wheels = [
    { url = "https://files.pythonhosted.org/packages/ac/a9/1940702b16caf2ed91ed46602e30a3135146b3b53f8f20f4007eb9ef7a14/big-0.12.7-py3-none-any.whl", hash = "sha256:84fad40a45aafc4d5015a573cbc617f4b94b1cfab94d0fe630978bfcc8b7b26c", size = 173901 },
]

[[package]]
name = "pyee"
version = "12.1.1"
source = { registry = "https://pypi.org/simple" }
dependencies = [
    { name = "typing-extensions" },
]
sdist = { url = "https://files.pythonhosted.org/packages/0a/37/8fb6e653597b2b67ef552ed49b438d5398ba3b85a9453f8ada0fd77d455c/pyee-12.1.1.tar.gz", hash = "sha256:bbc33c09e2ff827f74191e3e5bbc6be7da02f627b7ec30d86f5ce1a6fb2424a3", size = 30915 }
wheels = [
    { url = "https://files.pythonhosted.org/packages/25/68/7e150cba9eeffdeb3c5cecdb6896d70c8edd46ce41c0491e12fb2b2256ff/pyee-12.1.1-py3-none-any.whl", hash = "sha256:18a19c650556bb6b32b406d7f017c8f513aceed1ef7ca618fb65de7bd2d347ef", size = 15527 },
]

[[package]]
name = "python-ffmpeg"
version = "2.0.12"
source = { registry = "https://pypi.org/simple" }
dependencies = [
    { name = "pyee" },
    { name = "typing-extensions" },
]
sdist = { url = "https://files.pythonhosted.org/packages/dd/4d/7ecffb341d646e016be76e36f5a42cb32f409c9ca21a57b68f067fad3fc7/python_ffmpeg-2.0.12.tar.gz", hash = "sha256:19ac80af5a064a2f53c245af1a909b2d7648ea045500d96d3bcd507b88d43dc7", size = 14126292 }
wheels = [
    { url = "https://files.pythonhosted.org/packages/7f/6d/02e817aec661defe148cb9eb0c4eca2444846305f625c2243fb9f92a9045/python_ffmpeg-2.0.12-py3-none-any.whl", hash = "sha256:d86697da8dfb39335183e336d31baf42fb217468adf5ac97fd743898240faae3", size = 14411 },
]

[[package]]
name = "shift-gifs"
version = "0.2.0"
source = { editable = "." }
dependencies = [
    { name = "appeal" },
    { name = "python-ffmpeg" },
]

[package.metadata]
requires-dist = [
    { name = "appeal", specifier = ">=0.6.3" },
    { name = "python-ffmpeg" },
]

[[package]]
name = "typing-extensions"
version = "4.12.2"
source = { registry = "https://pypi.org/simple" }
sdist = { url = "https://files.pythonhosted.org/packages/df/db/f35a00659bc03fec321ba8bce9420de607a1d37f8342eee1863174c69557/typing_extensions-4.12.2.tar.gz", hash = "sha256:1a7ead55c7e559dd4dee8856e3a88b41225abfe1ce8df57b7c13915fe121ffb8", size = 85321 }
wheels = [
    { url = "https://files.pythonhosted.org/packages/26/9f/ad63fc0248c5379346306f8668cda6e2e2e9c95e01216d2b8ffd9ff037d0/typing_extensions-4.12.2-py3-none-any.whl", hash = "sha256:04e5ca0351e0f3f85c6853954072df659d0d13fac324d0072316b67d7794700d", size = 37438 },
]
